{
    "version": "0.5",
    "requires": [
        "zlib/1.3.1#f52e03ae3d251dec704634230cd806a2%1708593606.497",
        "m4/1.4.19#b38ced39a01e31fef5435bc634461fd2%1700758725.451",
        "libbacktrace/cci.20210118#a7691bfccd8caaf66309df196790a5a1%1722218217.276",
        "gtest/1.15.0#9eb07f548819215e766e41399858454f%1721318797.609",
        "flex/2.6.4#e35bc44b3fcbcd661e0af0dc5b5b1ad4%1674818991.113",
        "bzip2/1.0.8#d00dac990f08d991998d624be81a9526%1724661266.998",
        "boost/1.86.0#cd839a2082585255010f9e82eea94c7f%1728027203.247"
    ],
    "build_requires": [
        "m4/1.4.19#b38ced39a01e31fef5435bc634461fd2%1700758725.451",
        "b2/5.2.1#91bc73931a0acb655947a81569ed8b80%1718416612.241"
    ],
    "python_requires": [],
    "config_requires": []
}