{
    "version": "0.5",
    "requires": [
        "zlib/1.3.1#b8bc2603263cf7eccbd6e17e66b0ed76%1733936244.862",
        "libiconv/1.17#73fefc1b696e069df90fd1d18aa63edd%1707122814.387",
        "libbacktrace/cci.20210118#a7691bfccd8caaf66309df196790a5a1%1722218217.276",
        "gtest/1.15.0#9eb07f548819215e766e41399858454f%1721318797.609",
        "bzip2/1.0.8#d00dac990f08d991998d624be81a9526%1724661266.998",
        "boost/1.86.0#d6fc1753c34b475fc7d4c23bdb8143fb%1731922109.049"
    ],
    "build_requires": [
        "b2/5.2.1#91bc73931a0acb655947a81569ed8b80%1718416612.241"
    ],
    "python_requires": [],
    "config_requires": []
}